
Microsoft Visual Studio Solution File, Format Version 12.00
# Visual Studio Version 17
VisualStudioVersion = 17.12.35527.113 d17.12
MinimumVisualStudioVersion = 10.0.40219.1
Project("{FAE04EC0-301F-11D3-BF4B-00C04F79EFBC}") = "Clicker_WPF", "Clicker_WPF\Clicker_WPF.csproj", "{8DE4A50D-9FA2-4248-9F0F-2E7569635691}"
EndProject
Project("{FAE04EC0-301F-11D3-BF4B-00C04F79EFBC}") = "GameWPF", "GameWPF\GameWPF.csproj", "{082A523C-8F68-4298-B7A6-41CCECECB309}"
EndProject
Global
	GlobalSection(SolutionConfigurationPlatforms) = preSolution
		Debug|Any CPU = Debug|Any CPU
		Release|Any CPU = Release|Any CPU
	EndGlobalSection
	GlobalSection(ProjectConfigurationPlatforms) = postSolution
		{8DE4A50D-9FA2-4248-9F0F-2E7569635691}.Debug|Any CPU.ActiveCfg = Debug|Any CPU
		{8DE4A50D-9FA2-4248-9F0F-2E7569635691}.Debug|Any CPU.Build.0 = Debug|Any CPU
		{8DE4A50D-9FA2-4248-9F0F-2E7569635691}.Release|Any CPU.ActiveCfg = Release|Any CPU
		{8DE4A50D-9FA2-4248-9F0F-2E7569635691}.Release|Any CPU.Build.0 = Release|Any CPU
		{082A523C-8F68-4298-B7A6-41CCECECB309}.Debug|Any CPU.ActiveCfg = Debug|Any CPU
		{082A523C-8F68-4298-B7A6-41CCECECB309}.Debug|Any CPU.Build.0 = Debug|Any CPU
		{082A523C-8F68-4298-B7A6-41CCECECB309}.Release|Any CPU.ActiveCfg = Release|Any CPU
		{082A523C-8F68-4298-B7A6-41CCECECB309}.Release|Any CPU.Build.0 = Release|Any CPU
	EndGlobalSection
	GlobalSection(SolutionProperties) = preSolution
		HideSolutionNode = FALSE
	EndGlobalSection
EndGlobal
